
Microsoft Visual Studio Solution File, Format Version 12.00
# Visual Studio Version 17
VisualStudioVersion = 17.3.32929.385
MinimumVisualStudioVersion = 10.0.40219.1
Project("{9A19103F-16F7-4668-BE54-9A1E7A4F7556}") = "PingI", "PingI\PingI.csproj", "{D663734F-0EFC-4B1E-8622-64855AE14F1B}"
EndProject
Project("{FAE04EC0-301F-11D3-BF4B-00C04F79EFBC}") = "PingApp", "PingApp\PingApp.csproj", "{5DC6CD58-ECCF-4DD6-9A13-7E0CF310D775}"
EndProject
Global
	GlobalSection(SolutionConfigurationPlatforms) = preSolution
		Debug|Any CPU = Debug|Any CPU
		Release|Any CPU = Release|Any CPU
	EndGlobalSection
	GlobalSection(ProjectConfigurationPlatforms) = postSolution
		{D663734F-0EFC-4B1E-8622-64855AE14F1B}.Debug|Any CPU.ActiveCfg = Debug|Any CPU
		{D663734F-0EFC-4B1E-8622-64855AE14F1B}.Debug|Any CPU.Build.0 = Debug|Any CPU
		{D663734F-0EFC-4B1E-8622-64855AE14F1B}.Release|Any CPU.ActiveCfg = Release|Any CPU
		{D663734F-0EFC-4B1E-8622-64855AE14F1B}.Release|Any CPU.Build.0 = Release|Any CPU
		{5DC6CD58-ECCF-4DD6-9A13-7E0CF310D775}.Debug|Any CPU.ActiveCfg = Debug|Any CPU
		{5DC6CD58-ECCF-4DD6-9A13-7E0CF310D775}.Debug|Any CPU.Build.0 = Debug|Any CPU
		{5DC6CD58-ECCF-4DD6-9A13-7E0CF310D775}.Release|Any CPU.ActiveCfg = Release|Any CPU
		{5DC6CD58-ECCF-4DD6-9A13-7E0CF310D775}.Release|Any CPU.Build.0 = Release|Any CPU
	EndGlobalSection
	GlobalSection(SolutionProperties) = preSolution
		HideSolutionNode = FALSE
	EndGlobalSection
	GlobalSection(ExtensibilityGlobals) = postSolution
		SolutionGuid = {A7CDB635-8D5E-48A7-91D4-C20DBEE91EDF}
	EndGlobalSection
EndGlobal
